
Microsoft Visual Studio Solution File, Format Version 12.00
# Visual Studio Version 17
VisualStudioVersion = 17.4.33122.133
MinimumVisualStudioVersion = 10.0.40219.1
Project("{FAE04EC0-301F-11D3-BF4B-00C04F79EFBC}") = "Vesper HomeWork", "Vesper HomeWork\Vesper HomeWork.csproj", "{3FF2D18F-FF49-424F-9F5D-6A15D6C2FDA6}"
EndProject
Global
	GlobalSection(SolutionConfigurationPlatforms) = preSolution
		Debug|Any CPU = Debug|Any CPU
		Release|Any CPU = Release|Any CPU
	EndGlobalSection
	GlobalSection(ProjectConfigurationPlatforms) = postSolution
		{3FF2D18F-FF49-424F-9F5D-6A15D6C2FDA6}.Debug|Any CPU.ActiveCfg = Debug|Any CPU
		{3FF2D18F-FF49-424F-9F5D-6A15D6C2FDA6}.Debug|Any CPU.Build.0 = Debug|Any CPU
		{3FF2D18F-FF49-424F-9F5D-6A15D6C2FDA6}.Release|Any CPU.ActiveCfg = Release|Any CPU
		{3FF2D18F-FF49-424F-9F5D-6A15D6C2FDA6}.Release|Any CPU.Build.0 = Release|Any CPU
	EndGlobalSection
	GlobalSection(SolutionProperties) = preSolution
		HideSolutionNode = FALSE
	EndGlobalSection
	GlobalSection(ExtensibilityGlobals) = postSolution
		SolutionGuid = {7EEA183B-9F76-461D-8418-C28203619DF8}
	EndGlobalSection
EndGlobal
